{
  "lockfileVersion": 1,
  "configVersion": 1,
  "workspaces": {
    "": {
      "name": "bsv-bap",
      "dependencies": {
        "@1sat/vault": "^0.0.8",
        "@1sat/wallet-mac": "^0.0.5",
        "commander": "^14.0.3",
        "schema-dts": "^1.1.5",
      },
      "devDependencies": {
        "@biomejs/biome": "2.0.0",
        "@types/bun": "^1.3.10",
        "@types/node": "^24.12.0",
        "rimraf": "^6.1.3",
        "typescript": "^5.9.3",
      },
      "peerDependencies": {
        "@bsv/sdk": "^2.0.1",
      },
    },
  },
  "trustedDependencies": [
    "@1sat/wallet-mac",
  ],
  "packages": {
    "@1sat/vault": ["@1sat/vault@0.0.8", "", {}, "sha512-j4ju2QxjE36dQV2RhvtBsicwmniMhfzi2uSU4OfkhsuELTKS58K4mbJE/O7UPykwr8yfBXXY7/u5Jy+AZXMJJQ=="],

    "@1sat/wallet-mac": ["@1sat/wallet-mac@0.0.5", "", { "dependencies": { "@1sat/vault": "0.0.8" }, "peerDependencies": { "@bsv/sdk": "^2.0.13" } }, "sha512-Lbp136t2RGPJwCdtyrPcLPxDeRV/W6jxVRNwERHHOJEbMz1oQ0a+rzdLSUIhSm4MXzbu+kemyEMZ8LT9M+UZbQ=="],

    "@biomejs/biome": ["@biomejs/biome@2.0.0", "", { "optionalDependencies": { "@biomejs/cli-darwin-arm64": "2.0.0", "@biomejs/cli-darwin-x64": "2.0.0", "@biomejs/cli-linux-arm64": "2.0.0", "@biomejs/cli-linux-arm64-musl": "2.0.0", "@biomejs/cli-linux-x64": "2.0.0", "@biomejs/cli-linux-x64-musl": "2.0.0", "@biomejs/cli-win32-arm64": "2.0.0", "@biomejs/cli-win32-x64": "2.0.0" }, "bin": { "biome": "bin/biome" } }, "sha512-BlUoXEOI/UQTDEj/pVfnkMo8SrZw3oOWBDrXYFT43V7HTkIUDkBRY53IC5Jx1QkZbaB+0ai1wJIfYwp9+qaJTQ=="],

    "@biomejs/cli-darwin-arm64": ["@biomejs/cli-darwin-arm64@2.0.0", "", { "os": "darwin", "cpu": "arm64" }, "sha512-QvqWYtFFhhxdf8jMAdJzXW+Frc7X8XsnHQLY+TBM1fnT1TfeV/v9vsFI5L2J7GH6qN1+QEEJ19jHibCY2Ypplw=="],

    "@biomejs/cli-darwin-x64": ["@biomejs/cli-darwin-x64@2.0.0", "", { "os": "darwin", "cpu": "x64" }, "sha512-5JFhls1EfmuIH4QGFPlNpxJQFC6ic3X1ltcoLN+eSRRIPr6H/lUS1ttuD0Fj7rPgPhZqopK/jfH8UVj/1hIsQw=="],

    "@biomejs/cli-linux-arm64": ["@biomejs/cli-linux-arm64@2.0.0", "", { "os": "linux", "cpu": "arm64" }, "sha512-BAH4QVi06TzAbVchXdJPsL0Z/P87jOfes15rI+p3EX9/EGTfIjaQ9lBVlHunxcmoptaA5y1Hdb9UYojIhmnjIw=="],

    "@biomejs/cli-linux-arm64-musl": ["@biomejs/cli-linux-arm64-musl@2.0.0", "", { "os": "linux", "cpu": "arm64" }, "sha512-Bxsz8ki8+b3PytMnS5SgrGV+mbAWwIxI3ydChb/d1rURlJTMdxTTq5LTebUnlsUWAX6OvJuFeiVq9Gjn1YbCyA=="],

    "@biomejs/cli-linux-x64": ["@biomejs/cli-linux-x64@2.0.0", "", { "os": "linux", "cpu": "x64" }, "sha512-09PcOGYTtkopWRm6mZ/B6Mr6UHdkniUgIG/jLBv+2J8Z61ezRE+xQmpi3yNgUrFIAU4lPA9atg7mhvE/5Bo7Wg=="],

    "@biomejs/cli-linux-x64-musl": ["@biomejs/cli-linux-x64-musl@2.0.0", "", { "os": "linux", "cpu": "x64" }, "sha512-tiQ0ABxMJb9I6GlfNp0ulrTiQSFacJRJO8245FFwE3ty3bfsfxlU/miblzDIi+qNrgGsLq5wIZcVYGp4c+HXZA=="],

    "@biomejs/cli-win32-arm64": ["@biomejs/cli-win32-arm64@2.0.0", "", { "os": "win32", "cpu": "arm64" }, "sha512-vrTtuGu91xNTEQ5ZcMJBZuDlqr32DWU1r14UfePIGndF//s2WUAmer4FmgoPgruo76rprk37e8S2A2c0psXdxw=="],

    "@biomejs/cli-win32-x64": ["@biomejs/cli-win32-x64@2.0.0", "", { "os": "win32", "cpu": "x64" }, "sha512-2USVQ0hklNsph/KIR72ZdeptyXNnQ3JdzPn3NbjI4Sna34CnxeiYAaZcZzXPDl5PYNFBivV4xmvT3Z3rTmyDBg=="],

    "@bsv/sdk": ["@bsv/sdk@2.1.6", "", {}, "sha512-Szm1KM9BbA0Yc091gCW5NkFu9lhcykaDK9yXab/B/6f18h05uys3HWKaxHO05pKl0fYIpvwFrSScOefy0RT3GQ=="],

    "@types/bun": ["@types/bun@1.3.14", "", { "dependencies": { "bun-types": "1.3.14" } }, "sha512-h1hFqFVcvAvD9j9K7ZW7vd82aSA+rTdznZa+5bwvCwqSB1jmmfLcbIWhOLx1/+boy/xmjgCs/OMUL8hRJSmnPw=="],

    "@types/node": ["@types/node@24.13.2", "", { "dependencies": { "undici-types": "~7.18.0" } }, "sha512-fRa09kZTgu8o71KFcDjUFuc7F+dEbZYZmkI0mg5YBTRs0yMKjYHsq/c0urDKeDb+D5qVgXOdFcuu+DZPKOITwA=="],

    "balanced-match": ["balanced-match@4.0.4", "", {}, "sha512-BLrgEcRTwX2o6gGxGOCNyMvGSp35YofuYzw9h1IMTRmKqttAZZVU67bdb9Pr2vUHA8+j3i2tJfjO6C6+4myGTA=="],

    "brace-expansion": ["brace-expansion@5.0.6", "", { "dependencies": { "balanced-match": "^4.0.2" } }, "sha512-kLpxurY4Z4r9sgMsyG0Z9uzsBlgiU/EFKhj/h91/8yHu0edo7XuixOIH3VcJ8kkxs6/jPzoI6U9Vj3WqbMQ94g=="],

    "bun-types": ["bun-types@1.3.14", "", { "dependencies": { "@types/node": "*" } }, "sha512-4N0ig0fEomHt5R0KCFWjovxow98rIoRwKolrYdCcknNwMekCXRnWEUvgu5soYV8QXtVsrUD8B95MBOZGPvr6KQ=="],

    "commander": ["commander@14.0.3", "", {}, "sha512-H+y0Jo/T1RZ9qPP4Eh1pkcQcLRglraJaSLoyOtHxu6AapkjWVCy2Sit1QQ4x3Dng8qDlSsZEet7g5Pq06MvTgw=="],

    "glob": ["glob@13.0.6", "", { "dependencies": { "minimatch": "^10.2.2", "minipass": "^7.1.3", "path-scurry": "^2.0.2" } }, "sha512-Wjlyrolmm8uDpm/ogGyXZXb1Z+Ca2B8NbJwqBVg0axK9GbBeoS7yGV6vjXnYdGm6X53iehEuxxbyiKp8QmN4Vw=="],

    "lru-cache": ["lru-cache@11.5.1", "", {}, "sha512-RPimw/7aMdv2oqRrxKwvZXcPfwBrn/JZ2xYcY9Hus/6LaS3VOAKVWKWgNLCFSiOm1ESXinjsDlidVU7JlnCN2A=="],

    "minimatch": ["minimatch@10.2.5", "", { "dependencies": { "brace-expansion": "^5.0.5" } }, "sha512-MULkVLfKGYDFYejP07QOurDLLQpcjk7Fw+7jXS2R2czRQzR56yHRveU5NDJEOviH+hETZKSkIk5c+T23GjFUMg=="],

    "minipass": ["minipass@7.1.3", "", {}, "sha512-tEBHqDnIoM/1rXME1zgka9g6Q2lcoCkxHLuc7ODJ5BxbP5d4c2Z5cGgtXAku59200Cx7diuHTOYfSBD8n6mm8A=="],

    "package-json-from-dist": ["package-json-from-dist@1.0.1", "", {}, "sha512-UEZIS3/by4OC8vL3P2dTXRETpebLI2NiI5vIrjaD/5UtrkFX/tNbwjTSRAGC/+7CAo2pIcBaRgWmcBBHcsaCIw=="],

    "path-scurry": ["path-scurry@2.0.2", "", { "dependencies": { "lru-cache": "^11.0.0", "minipass": "^7.1.2" } }, "sha512-3O/iVVsJAPsOnpwWIeD+d6z/7PmqApyQePUtCndjatj/9I5LylHvt5qluFaBT3I5h3r1ejfR056c+FCv+NnNXg=="],

    "rimraf": ["rimraf@6.1.3", "", { "dependencies": { "glob": "^13.0.3", "package-json-from-dist": "^1.0.1" }, "bin": { "rimraf": "dist/esm/bin.mjs" } }, "sha512-LKg+Cr2ZF61fkcaK1UdkH2yEBBKnYjTyWzTJT6KNPcSPaiT7HSdhtMXQuN5wkTX0Xu72KQ1l8S42rlmexS2hSA=="],

    "schema-dts": ["schema-dts@1.1.5", "", {}, "sha512-RJr9EaCmsLzBX2NDiO5Z3ux2BVosNZN5jo0gWgsyKvxKIUL5R3swNvoorulAeL9kLB0iTSX7V6aokhla2m7xbg=="],

    "typescript": ["typescript@5.9.3", "", { "bin": { "tsc": "bin/tsc", "tsserver": "bin/tsserver" } }, "sha512-jl1vZzPDinLr9eUt3J/t7V6FgNEw9QjvBPdysz9KfQDD41fQrC2Y4vKQdiaUpFT4bXlb1RHhLpp8wtm6M5TgSw=="],

    "undici-types": ["undici-types@7.18.2", "", {}, "sha512-AsuCzffGHJybSaRrmr5eHr81mwJU3kjw6M+uprWvCXiNeN9SOGwQ3Jn8jb8m3Z6izVgknn1R0FTCEAP2QrLY/w=="],
  }
}
